<?xml version="1.0" encoding="utf-8"?>
<Project ToolsVersion="17.0" xmlns="http://schemas.microsoft.com/developer/msbuild/2003">
  <ItemGroup>
    <ClCompile Include="E:\Downloads\scape\build-vcpkg\qtEditor\qtEditor_autogen\mocs_compilation_Debug.cpp">
      <Filter>Source Files</Filter>
    </ClCompile>
    <ClCompile Include="E:\Downloads\scape\qtEditor\main.cpp">
      <Filter>Source Files</Filter>
    </ClCompile>
    <ClCompile Include="E:\Downloads\scape\qtEditor\MainWindow.cpp">
      <Filter>Source Files</Filter>
    </ClCompile>
    <ClCompile Include="E:\Downloads\scape\qtEditor\OgreWidget.cpp">
      <Filter>Source Files</Filter>
    </ClCompile>
    <ClCompile Include="E:\Downloads\scape\qtEditor\StartupSettingsDialog.cpp">
      <Filter>Source Files</Filter>
    </ClCompile>
    <ClCompile Include="E:\Downloads\scape\qtEditor\AboutDialog.cpp">
      <Filter>Source Files</Filter>
    </ClCompile>
    <ClCompile Include="E:\Downloads\scape\qtEditor\PropertiesWidget.cpp">
      <Filter>Source Files</Filter>
    </ClCompile>
    <ClCompile Include="E:\Downloads\scape\qtEditor\PresetsWidget.cpp">
      <Filter>Source Files</Filter>
    </ClCompile>
    <ClCompile Include="E:\Downloads\scape\qtEditor\ImageFileDialog.cpp">
      <Filter>Source Files</Filter>
    </ClCompile>
    <ClCompile Include="E:\Downloads\scape\qtEditor\ImportImageDialog.cpp">
      <Filter>Source Files</Filter>
    </ClCompile>
    <ClCompile Include="E:\Downloads\scape\qtEditor\ExportImageDialog.cpp">
      <Filter>Source Files</Filter>
    </ClCompile>
    <ClCompile Include="E:\Downloads\scape\qtEditor\BrushSettingsWidget.cpp">
      <Filter>Source Files</Filter>
    </ClCompile>
    <ClCompile Include="E:\Downloads\scape\qtEditor\ButtonDefinitionDetailsDialog.cpp">
      <Filter>Source Files</Filter>
    </ClCompile>
    <ClCompile Include="E:\Downloads\scape\qtEditor\ButtonDefinitionsDialog.cpp">
      <Filter>Source Files</Filter>
    </ClCompile>
    <ClCompile Include="E:\Downloads\scape\build-vcpkg\qtEditor\qtEditor_autogen\PNK5WDWK6L\qrc_editor.cpp">
      <Filter>Source Files</Filter>
    </ClCompile>
    <ClCompile Include="E:\Downloads\scape\build-vcpkg\qtEditor\qtEditor_autogen\mocs_compilation_Release.cpp">
      <Filter>Source Files</Filter>
    </ClCompile>
    <ClCompile Include="E:\Downloads\scape\build-vcpkg\qtEditor\qtEditor_autogen\mocs_compilation_MinSizeRel.cpp">
      <Filter>Source Files</Filter>
    </ClCompile>
    <ClCompile Include="E:\Downloads\scape\build-vcpkg\qtEditor\qtEditor_autogen\mocs_compilation_RelWithDebInfo.cpp">
      <Filter>Source Files</Filter>
    </ClCompile>
  </ItemGroup>
  <ItemGroup>
    <ClInclude Include="E:\Downloads\scape\qtEditor\MainWindow.h">
      <Filter>Header Files</Filter>
    </ClInclude>
    <ClInclude Include="E:\Downloads\scape\qtEditor\OgreWidget.h">
      <Filter>Header Files</Filter>
    </ClInclude>
    <ClInclude Include="E:\Downloads\scape\qtEditor\StartupSettingsDialog.h">
      <Filter>Header Files</Filter>
    </ClInclude>
    <ClInclude Include="E:\Downloads\scape\qtEditor\AboutDialog.h">
      <Filter>Header Files</Filter>
    </ClInclude>
    <ClInclude Include="E:\Downloads\scape\qtEditor\PropertiesWidget.h">
      <Filter>Header Files</Filter>
    </ClInclude>
    <ClInclude Include="E:\Downloads\scape\qtEditor\PresetsWidget.h">
      <Filter>Header Files</Filter>
    </ClInclude>
    <ClInclude Include="E:\Downloads\scape\qtEditor\ImageFileDialog.h">
      <Filter>Header Files</Filter>
    </ClInclude>
    <ClInclude Include="E:\Downloads\scape\qtEditor\ImportImageDialog.h">
      <Filter>Header Files</Filter>
    </ClInclude>
    <ClInclude Include="E:\Downloads\scape\qtEditor\ExportImageDialog.h">
      <Filter>Header Files</Filter>
    </ClInclude>
    <ClInclude Include="E:\Downloads\scape\qtEditor\BrushSettingsWidget.h">
      <Filter>Header Files</Filter>
    </ClInclude>
    <ClInclude Include="E:\Downloads\scape\qtEditor\ButtonDefinitionDetailsDialog.h">
      <Filter>Header Files</Filter>
    </ClInclude>
    <ClInclude Include="E:\Downloads\scape\qtEditor\ButtonDefinitionsDialog.h">
      <Filter>Header Files</Filter>
    </ClInclude>
  </ItemGroup>
  <ItemGroup>
    <CustomBuild Include="E:\Downloads\scape\build-vcpkg\CMakeFiles\f16f49b9c86b6b11a150420baaf4dfe0\qrc_editor.cpp.rule">
      <Filter>CMake Rules</Filter>
    </CustomBuild>
    <CustomBuild Include="E:\Downloads\scape\qtEditor\CMakeLists.txt" />
  </ItemGroup>
  <ItemGroup>
    <None Include="E:\Downloads\scape\qtEditor\res\editor.qrc" />
  </ItemGroup>
  <ItemGroup>
    <ResourceCompile Include="E:\Downloads\scape\qtEditor\res\Editor.rc">
      <Filter>Source Files</Filter>
    </ResourceCompile>
  </ItemGroup>
  <ItemGroup>
    <Filter Include="CMake Rules">
      <UniqueIdentifier>{D35621EB-3698-3D87-B0A0-C591BDBFDA89}</UniqueIdentifier>
    </Filter>
    <Filter Include="Header Files">
      <UniqueIdentifier>{51EBCE99-9D1F-31EC-AD95-11B8DEE8A67D}</UniqueIdentifier>
    </Filter>
    <Filter Include="Source Files">
      <UniqueIdentifier>{7F94EE10-1FC9-3D81-B671-72BCC98251BF}</UniqueIdentifier>
    </Filter>
  </ItemGroup>
</Project>
